
Microsoft Visual Studio Solution File, Format Version 12.00
# Visual Studio Version 16
VisualStudioVersion = 16.0.31005.135
MinimumVisualStudioVersion = 10.0.40219.1
Project("{FAE04EC0-301F-11D3-BF4B-00C04F79EFBC}") = "EntityPizza", "EntityPizza\EntityPizza.csproj", "{AC10A8C5-9647-427C-972B-E1326777116E}"
EndProject
Global
	GlobalSection(SolutionConfigurationPlatforms) = preSolution
		Debug|Any CPU = Debug|Any CPU
		Release|Any CPU = Release|Any CPU
	EndGlobalSection
	GlobalSection(ProjectConfigurationPlatforms) = postSolution
		{AC10A8C5-9647-427C-972B-E1326777116E}.Debug|Any CPU.ActiveCfg = Debug|Any CPU
		{AC10A8C5-9647-427C-972B-E1326777116E}.Debug|Any CPU.Build.0 = Debug|Any CPU
		{AC10A8C5-9647-427C-972B-E1326777116E}.Release|Any CPU.ActiveCfg = Release|Any CPU
		{AC10A8C5-9647-427C-972B-E1326777116E}.Release|Any CPU.Build.0 = Release|Any CPU
	EndGlobalSection
	GlobalSection(SolutionProperties) = preSolution
		HideSolutionNode = FALSE
	EndGlobalSection
	GlobalSection(ExtensibilityGlobals) = postSolution
		SolutionGuid = {2C2D0788-C77C-44CE-BCFB-E847A851A4F4}
	EndGlobalSection
EndGlobal
